
Microsoft Visual Studio Solution File, Format Version 12.00
# Visual Studio Version 16
VisualStudioVersion = 16.0.31605.320
MinimumVisualStudioVersion = 10.0.40219.1
Project("{FAE04EC0-301F-11D3-BF4B-00C04F79EFBC}") = "prjFinalRemaxLounisRafaa", "prjFinalRemaxLounisRafaa\prjFinalRemaxLounisRafaa.csproj", "{94F0ED6D-50D2-47A7-88F7-C8938AFF3D98}"
EndProject
Global
	GlobalSection(SolutionConfigurationPlatforms) = preSolution
		Debug|Any CPU = Debug|Any CPU
		Release|Any CPU = Release|Any CPU
	EndGlobalSection
	GlobalSection(ProjectConfigurationPlatforms) = postSolution
		{94F0ED6D-50D2-47A7-88F7-C8938AFF3D98}.Debug|Any CPU.ActiveCfg = Debug|Any CPU
		{94F0ED6D-50D2-47A7-88F7-C8938AFF3D98}.Debug|Any CPU.Build.0 = Debug|Any CPU
		{94F0ED6D-50D2-47A7-88F7-C8938AFF3D98}.Release|Any CPU.ActiveCfg = Release|Any CPU
		{94F0ED6D-50D2-47A7-88F7-C8938AFF3D98}.Release|Any CPU.Build.0 = Release|Any CPU
	EndGlobalSection
	GlobalSection(SolutionProperties) = preSolution
		HideSolutionNode = FALSE
	EndGlobalSection
	GlobalSection(ExtensibilityGlobals) = postSolution
		SolutionGuid = {DC29F73C-1660-40E3-B56E-259CBA5AB57D}
	EndGlobalSection
EndGlobal
